<?xml version="1.0" encoding="utf-8"?>
<Project ToolsVersion="4.0" xmlns="http://schemas.microsoft.com/developer/msbuild/2003">
  <ItemGroup>
    <Filter Include="Source Files">
      <UniqueIdentifier>{4FC737F1-C7A5-4376-A066-2A32D752A2FF}</UniqueIdentifier>
      <Extensions>cpp;c;cc;cxx;c++;cppm;ixx;def;odl;idl;hpj;bat;asm;asmx</Extensions>
    </Filter>
    <Filter Include="Header Files">
      <UniqueIdentifier>{93995380-89BD-4b04-88EB-625FBE52EBFB}</UniqueIdentifier>
      <Extensions>h;hh;hpp;hxx;h++;hm;inl;inc;ipp;xsd</Extensions>
    </Filter>
    <Filter Include="Resource Files">
      <UniqueIdentifier>{67DA6AB6-F800-4c08-8B7A-83BB121AAD01}</UniqueIdentifier>
      <Extensions>rc;ico;cur;bmp;dlg;rc2;rct;bin;rgs;gif;jpg;jpeg;jpe;resx;tiff;tif;png;wav;mfcribbon-ms</Extensions>
    </Filter>
    <Filter Include="Visual Studio">
      <UniqueIdentifier>{7df8cedb-b483-4a89-8497-626496213722}</UniqueIdentifier>
    </Filter>
    <Filter Include="Visual Studio\x64">
      <UniqueIdentifier>{4a80e2b3-1dd5-444e-b232-23d32862cdd2}</UniqueIdentifier>
    </Filter>
  </ItemGroup>
  <ItemGroup>
    <ClCompile Include="main.cpp">
      <Filter>Source Files</Filter>
    </ClCompile>
    <ClCompile Include="Date.cpp">
      <Filter>Source Files</Filter>
    </ClCompile>
    <ClCompile Include="Faculty.cpp">
      <Filter>Source Files</Filter>
    </ClCompile>
    <ClCompile Include="Assignment.cpp">
      <Filter>Source Files</Filter>
    </ClCompile>
    <ClCompile Include="Course.cpp">
      <Filter>Source Files</Filter>
    </ClCompile>
    <ClCompile Include="Department.cpp">
      <Filter>Source Files</Filter>
    </ClCompile>
    <ClCompile Include="FacultyCourseAllocation.cpp">
      <Filter>Source Files</Filter>
    </ClCompile>
    <ClCompile Include="Event.cpp">
      <Filter>Source Files</Filter>
    </ClCompile>
    <ClCompile Include="Club.cpp">
      <Filter>Source Files</Filter>
    </ClCompile>
    <ClCompile Include="Student.cpp">
      <Filter>Source Files</Filter>
    </ClCompile>
    <ClCompile Include="CourseFeedback.cpp">
      <Filter>Source Files</Filter>
    </ClCompile>
    <ClCompile Include="Attendence.cpp">
      <Filter>Source Files</Filter>
    </ClCompile>
    <ClCompile Include="Grading.cpp">
      <Filter>Source Files</Filter>
    </ClCompile>
    <ClCompile Include="Enrollment.cpp">
      <Filter>Source Files</Filter>
    </ClCompile>
  </ItemGroup>
  <ItemGroup>
    <None Include="data\assignments.csv">
      <Filter>Resource Files</Filter>
    </None>
    <None Include="data\clubs.csv">
      <Filter>Resource Files</Filter>
    </None>
    <None Include="data\courses.csv">
      <Filter>Resource Files</Filter>
    </None>
    <None Include="data\departments.csv">
      <Filter>Resource Files</Filter>
    </None>
    <None Include="data\enrollments.csv">
      <Filter>Resource Files</Filter>
    </None>
    <None Include="data\events.csv">
      <Filter>Resource Files</Filter>
    </None>
    <None Include="data\faculty_course_allocations.csv">
      <Filter>Resource Files</Filter>
    </None>
    <None Include="data\students.csv">
      <Filter>Resource Files</Filter>
    </None>
    <None Include="data\course_feedbacks.csv">
      <Filter>Resource Files</Filter>
    </None>
    <None Include="data\faculties.csv">
      <Filter>Resource Files</Filter>
    </None>
    <None Include="data\gradings.csv">
      <Filter>Resource Files</Filter>
    </None>
    <None Include="data\attendences.csv">
      <Filter>Resource Files</Filter>
    </None>
  </ItemGroup>
  <ItemGroup>
    <Text Include="data\notes.txt">
      <Filter>Resource Files</Filter>
    </Text>
  </ItemGroup>
  <ItemGroup>
    <ClInclude Include="Storage.h">
      <Filter>Visual Studio\x64</Filter>
    </ClInclude>
    <ClInclude Include="Assignment.h">
      <Filter>Header Files</Filter>
    </ClInclude>
    <ClInclude Include="Attendence.h">
      <Filter>Header Files</Filter>
    </ClInclude>
    <ClInclude Include="Check.h">
      <Filter>Header Files</Filter>
    </ClInclude>
    <ClInclude Include="Club.h">
      <Filter>Header Files</Filter>
    </ClInclude>
    <ClInclude Include="Course.h">
      <Filter>Header Files</Filter>
    </ClInclude>
    <ClInclude Include="CourseFeedback.h">
      <Filter>Header Files</Filter>
    </ClInclude>
    <ClInclude Include="Date.h">
      <Filter>Header Files</Filter>
    </ClInclude>
    <ClInclude Include="Department.h">
      <Filter>Header Files</Filter>
    </ClInclude>
    <ClInclude Include="Enrollment.h">
      <Filter>Header Files</Filter>
    </ClInclude>
    <ClInclude Include="Event.h">
      <Filter>Header Files</Filter>
    </ClInclude>
    <ClInclude Include="Faculty.h">
      <Filter>Header Files</Filter>
    </ClInclude>
    <ClInclude Include="FacultyCourseAllocation.h">
      <Filter>Header Files</Filter>
    </ClInclude>
    <ClInclude Include="Grading.h">
      <Filter>Header Files</Filter>
    </ClInclude>
    <ClInclude Include="Storagе.h">
      <Filter>Header Files</Filter>
    </ClInclude>
    <ClInclude Include="Student.h">
      <Filter>Header Files</Filter>
    </ClInclude>
    <ClInclude Include="Utils.h">
      <Filter>Header Files</Filter>
    </ClInclude>
  </ItemGroup>
</Project>